
Microsoft Visual Studio Solution File, Format Version 12.00
# Visual Studio Version 17
VisualStudioVersion = 17.0.32112.339
MinimumVisualStudioVersion = 10.0.40219.1
Project("{FAE04EC0-301F-11D3-BF4B-00C04F79EFBC}") = "4 PrototypeDesignPattern", "4 PrototypeDesignPattern\4 PrototypeDesignPattern.csproj", "{CA707A63-9A2E-456F-A93F-E4FF9CA2A62D}"
EndProject
Global
	GlobalSection(SolutionConfigurationPlatforms) = preSolution
		Debug|Any CPU = Debug|Any CPU
		Release|Any CPU = Release|Any CPU
	EndGlobalSection
	GlobalSection(ProjectConfigurationPlatforms) = postSolution
		{CA707A63-9A2E-456F-A93F-E4FF9CA2A62D}.Debug|Any CPU.ActiveCfg = Debug|Any CPU
		{CA707A63-9A2E-456F-A93F-E4FF9CA2A62D}.Debug|Any CPU.Build.0 = Debug|Any CPU
		{CA707A63-9A2E-456F-A93F-E4FF9CA2A62D}.Release|Any CPU.ActiveCfg = Release|Any CPU
		{CA707A63-9A2E-456F-A93F-E4FF9CA2A62D}.Release|Any CPU.Build.0 = Release|Any CPU
	EndGlobalSection
	GlobalSection(SolutionProperties) = preSolution
		HideSolutionNode = FALSE
	EndGlobalSection
	GlobalSection(ExtensibilityGlobals) = postSolution
		SolutionGuid = {D9B32890-1D18-4E80-B063-5EF261E776BB}
	EndGlobalSection
EndGlobal
